{
    "_readme": [
        "This file locks the dependencies of your project to a known state",
        "Read more about it at https://getcomposer.org/doc/01-basic-usage.md#installing-dependencies",
        "This file is @generated automatically"
    ],
    "content-hash": "f9677ffb8026921e3f62f86e624246a0",
    "packages": [],
    "packages-dev": [],
    "aliases": [],
    "minimum-stability": "stable",
    "stability-flags": [],
    "prefer-stable": false,
    "prefer-lowest": false,
    "platform": {
        "php": "^5.2|^7.0|^8.0",
        "ext-xml": "*",
        "ext-xmlwriter": "*"
    },
    "platform-dev": [],
    "plugin-api-version": "2.6.0"
}
